{
  "name": "heic-jpeg",
  "version": "0.1.0",
  "lockfileVersion": 3,
  "requires": true,
  "packages": {
    "": {
      "name": "heic-jpeg",
      "version": "0.1.0",
      "license": "MIT",
      "dependencies": {
        "libheif-js": "^1.18.0",
        "wasm-mozjpeg": "github:3bl3gamer/wasm-mozjpeg"
      },
      "devDependencies": {
        "@types/node": "^25.5.0",
        "typescript": "^5.5.0"
      }
    },
    "node_modules/@types/node": {
      "version": "25.5.0",
      "resolved": "https://registry.npmjs.org/@types/node/-/node-25.5.0.tgz",
      "integrity": "sha512-jp2P3tQMSxWugkCUKLRPVUpGaL5MVFwF8RDuSRztfwgN1wmqJeMSbKlnEtQqU8UrhTmzEmZdu2I6v2dpp7XIxw==",
      "dev": true,
      "license": "MIT",
      "dependencies": {
        "undici-types": "~7.18.0"
      }
    },
    "node_modules/libheif-js": {
      "version": "1.19.8",
      "resolved": "https://registry.npmjs.org/libheif-js/-/libheif-js-1.19.8.tgz",
      "integrity": "sha512-vQJWusIxO7wavpON1dusciL8Go9jsIQ+EUrckauFYAiSTjcmLAsuJh3SszLpvkwPci3JcL41ek2n+LUZGFpPIQ==",
      "license": "LGPL-3.0",
      "engines": {
        "node": ">=8.0.0"
      }
    },
    "node_modules/typescript": {
      "version": "5.9.3",
      "resolved": "https://registry.npmjs.org/typescript/-/typescript-5.9.3.tgz",
      "integrity": "sha512-jl1vZzPDinLr9eUt3J/t7V6FgNEw9QjvBPdysz9KfQDD41fQrC2Y4vKQdiaUpFT4bXlb1RHhLpp8wtm6M5TgSw==",
      "dev": true,
      "license": "Apache-2.0",
      "bin": {
        "tsc": "bin/tsc",
        "tsserver": "bin/tsserver"
      },
      "engines": {
        "node": ">=14.17"
      }
    },
    "node_modules/undici-types": {
      "version": "7.18.2",
      "resolved": "https://registry.npmjs.org/undici-types/-/undici-types-7.18.2.tgz",
      "integrity": "sha512-AsuCzffGHJybSaRrmr5eHr81mwJU3kjw6M+uprWvCXiNeN9SOGwQ3Jn8jb8m3Z6izVgknn1R0FTCEAP2QrLY/w==",
      "dev": true,
      "license": "MIT"
    },
    "node_modules/wasm-mozjpeg": {
      "version": "1.0.0",
      "resolved": "git+ssh://git@github.com/3bl3gamer/wasm-mozjpeg.git#49130019f4cee2ad7c4e1ed566ff4fb2f8118a6e",
      "license": "MIT"
    }
  }
}
