lockfileVersion: '9.0'

settings:
  autoInstallPeers: true
  excludeLinksFromLockfile: false

importers:

  .:
    dependencies:
      libheif-js:
        specifier: ^1.18.0
        version: 1.19.8
      wasm-mozjpeg:
        specifier: github:3bl3gamer/wasm-mozjpeg
        version: https://codeload.github.com/3bl3gamer/wasm-mozjpeg/tar.gz/49130019f4cee2ad7c4e1ed566ff4fb2f8118a6e
    devDependencies:
      '@types/node':
        specifier: ^25.5.0
        version: 25.5.0
      typescript:
        specifier: ^5.5.0
        version: 5.9.3

packages:

  '@types/node@25.5.0':
    resolution: {integrity: sha512-jp2P3tQMSxWugkCUKLRPVUpGaL5MVFwF8RDuSRztfwgN1wmqJeMSbKlnEtQqU8UrhTmzEmZdu2I6v2dpp7XIxw==}

  libheif-js@1.19.8:
    resolution: {integrity: sha512-vQJWusIxO7wavpON1dusciL8Go9jsIQ+EUrckauFYAiSTjcmLAsuJh3SszLpvkwPci3JcL41ek2n+LUZGFpPIQ==}
    engines: {node: '>=8.0.0'}

  typescript@5.9.3:
    resolution: {integrity: sha512-jl1vZzPDinLr9eUt3J/t7V6FgNEw9QjvBPdysz9KfQDD41fQrC2Y4vKQdiaUpFT4bXlb1RHhLpp8wtm6M5TgSw==}
    engines: {node: '>=14.17'}
    hasBin: true

  undici-types@7.18.2:
    resolution: {integrity: sha512-AsuCzffGHJybSaRrmr5eHr81mwJU3kjw6M+uprWvCXiNeN9SOGwQ3Jn8jb8m3Z6izVgknn1R0FTCEAP2QrLY/w==}

  wasm-mozjpeg@https://codeload.github.com/3bl3gamer/wasm-mozjpeg/tar.gz/49130019f4cee2ad7c4e1ed566ff4fb2f8118a6e:
    resolution: {tarball: https://codeload.github.com/3bl3gamer/wasm-mozjpeg/tar.gz/49130019f4cee2ad7c4e1ed566ff4fb2f8118a6e}
    version: 1.0.0

snapshots:

  '@types/node@25.5.0':
    dependencies:
      undici-types: 7.18.2

  libheif-js@1.19.8: {}

  typescript@5.9.3: {}

  undici-types@7.18.2: {}

  wasm-mozjpeg@https://codeload.github.com/3bl3gamer/wasm-mozjpeg/tar.gz/49130019f4cee2ad7c4e1ed566ff4fb2f8118a6e: {}
